// !$*UTF8*$!
{
	archiveVersion = 1;
	classes = {
	};
	objectVersion = 46;
	objects = {

/* Begin PBXBuildFile section */
		566905411DE3EE3B00B7D6D2 /* ContextMaker.h in Headers */ = {isa = PBXBuildFile; fileRef = 5669053F1DE3EE3B00B7D6D2 /* ContextMaker.h */; };
		566905421DE3EE3B00B7D6D2 /* ContextMaker.m in Sources */ = {isa = PBXBuildFile; fileRef = 566905401DE3EE3B00B7D6D2 /* ContextMaker.m */; };
		D08336CA1A209AAB004EE128 /* RSCode39Generator.swift in Sources */ = {isa = PBXBuildFile; fileRef = D08336B91A209AAB004EE128 /* RSCode39Generator.swift */; };
		D08336CB1A209AAB004EE128 /* RSCode39Mod43Generator.swift in Sources */ = {isa = PBXBuildFile; fileRef = D08336BA1A209AAB004EE128 /* RSCode39Mod43Generator.swift */; };
		D08336CC1A209AAB004EE128 /* RSCode93Generator.swift in Sources */ = {isa = PBXBuildFile; fileRef = D08336BB1A209AAB004EE128 /* RSCode93Generator.swift */; };
		D08336CD1A209AAB004EE128 /* RSCode128Generator.swift in Sources */ = {isa = PBXBuildFile; fileRef = D08336BC1A209AAB004EE128 /* RSCode128Generator.swift */; };
		D08336CE1A209AAB004EE128 /* RSCodeGenerator.swift in Sources */ = {isa = PBXBuildFile; fileRef = D08336BD1A209AAB004EE128 /* RSCodeGenerator.swift */; };
		D08336CF1A209AAB004EE128 /* RSCodeLayer.swift in Sources */ = {isa = PBXBuildFile; fileRef = D08336BE1A209AAB004EE128 /* RSCodeLayer.swift */; };
		D08336D01A209AAB004EE128 /* RSCodeReaderViewController.swift in Sources */ = {isa = PBXBuildFile; fileRef = D08336BF1A209AAB004EE128 /* RSCodeReaderViewController.swift */; };
		D08336D11A209AAB004EE128 /* RSCornersLayer.swift in Sources */ = {isa = PBXBuildFile; fileRef = D08336C01A209AAB004EE128 /* RSCornersLayer.swift */; };
		D08336D21A209AAB004EE128 /* RSEANGenerator.swift in Sources */ = {isa = PBXBuildFile; fileRef = D08336C11A209AAB004EE128 /* RSEANGenerator.swift */; };
		D08336D31A209AAB004EE128 /* RSExtendedCode39Generator.swift in Sources */ = {isa = PBXBuildFile; fileRef = D08336C21A209AAB004EE128 /* RSExtendedCode39Generator.swift */; };
		D08336D41A209AAB004EE128 /* RSFocusMarkLayer.swift in Sources */ = {isa = PBXBuildFile; fileRef = D08336C31A209AAB004EE128 /* RSFocusMarkLayer.swift */; };
		D08336D51A209AAB004EE128 /* RSITF14Generator.swift in Sources */ = {isa = PBXBuildFile; fileRef = D08336C41A209AAB004EE128 /* RSITF14Generator.swift */; };
		D08336D61A209AAB004EE128 /* RSITFGenerator.swift in Sources */ = {isa = PBXBuildFile; fileRef = D08336C51A209AAB004EE128 /* RSITFGenerator.swift */; };
		D08336D71A209AAB004EE128 /* RSUnifiedCodeGenerator.swift in Sources */ = {isa = PBXBuildFile; fileRef = D08336C61A209AAB004EE128 /* RSUnifiedCodeGenerator.swift */; };
		D08336D81A209AAB004EE128 /* RSUPCEGenerator.swift in Sources */ = {isa = PBXBuildFile; fileRef = D08336C71A209AAB004EE128 /* RSUPCEGenerator.swift */; };
		D08336D91A209AAB004EE128 /* StringExtension.swift in Sources */ = {isa = PBXBuildFile; fileRef = D08336C81A209AAB004EE128 /* StringExtension.swift */; };
		D08336DA1A209AAB004EE128 /* UIColorExtension.swift in Sources */ = {isa = PBXBuildFile; fileRef = D08336C91A209AAB004EE128 /* UIColorExtension.swift */; };
		D0E879421BDE13D000D1A577 /* RSCodeDataMatrixGenerator.swift in Sources */ = {isa = PBXBuildFile; fileRef = D0E879411BDE13D000D1A577 /* RSCodeDataMatrixGenerator.swift */; };
		E71A74281C914B0C0081B389 /* RSUnifiedCodeValidator.swift in Sources */ = {isa = PBXBuildFile; fileRef = E71A74271C914B0C0081B389 /* RSUnifiedCodeValidator.swift */; };
/* End PBXBuildFile section */

/* Begin PBXFileReference section */
		5669053F1DE3EE3B00B7D6D2 /* ContextMaker.h */ = {isa = PBXFileReference; fileEncoding = 4; lastKnownFileType = sourcecode.c.h; name = ContextMaker.h; path = Source/ContextMaker.h; sourceTree = SOURCE_ROOT; };
		566905401DE3EE3B00B7D6D2 /* ContextMaker.m */ = {isa = PBXFileReference; fileEncoding = 4; lastKnownFileType = sourcecode.c.objc; name = ContextMaker.m; path = Source/ContextMaker.m; sourceTree = SOURCE_ROOT; };
		566905431DE3F19100B7D6D2 /* RSBarcodes-Bridging-Header.h */ = {isa = PBXFileReference; lastKnownFileType = sourcecode.c.h; name = "RSBarcodes-Bridging-Header.h"; path = "Source/RSBarcodes-Bridging-Header.h"; sourceTree = SOURCE_ROOT; };
		D08336371A202E81004EE128 /* RSBarcodes.framework */ = {isa = PBXFileReference; explicitFileType = wrapper.framework; includeInIndex = 0; path = RSBarcodes.framework; sourceTree = BUILT_PRODUCTS_DIR; };
		D08336B81A209AA0004EE128 /* Info.plist */ = {isa = PBXFileReference; fileEncoding = 4; lastKnownFileType = text.plist.xml; name = Info.plist; path = Source/Info.plist; sourceTree = SOURCE_ROOT; };
		D08336B91A209AAB004EE128 /* RSCode39Generator.swift */ = {isa = PBXFileReference; fileEncoding = 4; lastKnownFileType = sourcecode.swift; name = RSCode39Generator.swift; path = Source/RSCode39Generator.swift; sourceTree = SOURCE_ROOT; };
		D08336BA1A209AAB004EE128 /* RSCode39Mod43Generator.swift */ = {isa = PBXFileReference; fileEncoding = 4; lastKnownFileType = sourcecode.swift; name = RSCode39Mod43Generator.swift; path = Source/RSCode39Mod43Generator.swift; sourceTree = SOURCE_ROOT; };
		D08336BB1A209AAB004EE128 /* RSCode93Generator.swift */ = {isa = PBXFileReference; fileEncoding = 4; lastKnownFileType = sourcecode.swift; name = RSCode93Generator.swift; path = Source/RSCode93Generator.swift; sourceTree = SOURCE_ROOT; };
		D08336BC1A209AAB004EE128 /* RSCode128Generator.swift */ = {isa = PBXFileReference; fileEncoding = 4; lastKnownFileType = sourcecode.swift; name = RSCode128Generator.swift; path = Source/RSCode128Generator.swift; sourceTree = SOURCE_ROOT; };
		D08336BD1A209AAB004EE128 /* RSCodeGenerator.swift */ = {isa = PBXFileReference; fileEncoding = 4; lastKnownFileType = sourcecode.swift; name = RSCodeGenerator.swift; path = Source/RSCodeGenerator.swift; sourceTree = SOURCE_ROOT; };
		D08336BE1A209AAB004EE128 /* RSCodeLayer.swift */ = {isa = PBXFileReference; fileEncoding = 4; lastKnownFileType = sourcecode.swift; name = RSCodeLayer.swift; path = Source/RSCodeLayer.swift; sourceTree = SOURCE_ROOT; };
		D08336BF1A209AAB004EE128 /* RSCodeReaderViewController.swift */ = {isa = PBXFileReference; fileEncoding = 4; lastKnownFileType = sourcecode.swift; name = RSCodeReaderViewController.swift; path = Source/RSCodeReaderViewController.swift; sourceTree = SOURCE_ROOT; };
		D08336C01A209AAB004EE128 /* RSCornersLayer.swift */ = {isa = PBXFileReference; fileEncoding = 4; lastKnownFileType = sourcecode.swift; name = RSCornersLayer.swift; path = Source/RSCornersLayer.swift; sourceTree = SOURCE_ROOT; };
		D08336C11A209AAB004EE128 /* RSEANGenerator.swift */ = {isa = PBXFileReference; fileEncoding = 4; lastKnownFileType = sourcecode.swift; name = RSEANGenerator.swift; path = Source/RSEANGenerator.swift; sourceTree = SOURCE_ROOT; };
		D08336C21A209AAB004EE128 /* RSExtendedCode39Generator.swift */ = {isa = PBXFileReference; fileEncoding = 4; lastKnownFileType = sourcecode.swift; name = RSExtendedCode39Generator.swift; path = Source/RSExtendedCode39Generator.swift; sourceTree = SOURCE_ROOT; };
		D08336C31A209AAB004EE128 /* RSFocusMarkLayer.swift */ = {isa = PBXFileReference; fileEncoding = 4; lastKnownFileType = sourcecode.swift; name = RSFocusMarkLayer.swift; path = Source/RSFocusMarkLayer.swift; sourceTree = SOURCE_ROOT; };
		D08336C41A209AAB004EE128 /* RSITF14Generator.swift */ = {isa = PBXFileReference; fileEncoding = 4; lastKnownFileType = sourcecode.swift; name = RSITF14Generator.swift; path = Source/RSITF14Generator.swift; sourceTree = SOURCE_ROOT; };
		D08336C51A209AAB004EE128 /* RSITFGenerator.swift */ = {isa = PBXFileReference; fileEncoding = 4; lastKnownFileType = sourcecode.swift; name = RSITFGenerator.swift; path = Source/RSITFGenerator.swift; sourceTree = SOURCE_ROOT; };
		D08336C61A209AAB004EE128 /* RSUnifiedCodeGenerator.swift */ = {isa = PBXFileReference; fileEncoding = 4; lastKnownFileType = sourcecode.swift; name = RSUnifiedCodeGenerator.swift; path = Source/RSUnifiedCodeGenerator.swift; sourceTree = SOURCE_ROOT; };
		D08336C71A209AAB004EE128 /* RSUPCEGenerator.swift */ = {isa = PBXFileReference; fileEncoding = 4; lastKnownFileType = sourcecode.swift; name = RSUPCEGenerator.swift; path = Source/RSUPCEGenerator.swift; sourceTree = SOURCE_ROOT; };
		D08336C81A209AAB004EE128 /* StringExtension.swift */ = {isa = PBXFileReference; fileEncoding = 4; lastKnownFileType = sourcecode.swift; name = StringExtension.swift; path = Source/StringExtension.swift; sourceTree = SOURCE_ROOT; };
		D08336C91A209AAB004EE128 /* UIColorExtension.swift */ = {isa = PBXFileReference; fileEncoding = 4; lastKnownFileType = sourcecode.swift; name = UIColorExtension.swift; path = Source/UIColorExtension.swift; sourceTree = SOURCE_ROOT; };
		D0E879411BDE13D000D1A577 /* RSCodeDataMatrixGenerator.swift */ = {isa = PBXFileReference; fileEncoding = 4; lastKnownFileType = sourcecode.swift; name = RSCodeDataMatrixGenerator.swift; path = Source/RSCodeDataMatrixGenerator.swift; sourceTree = SOURCE_ROOT; };
		E71A74271C914B0C0081B389 /* RSUnifiedCodeValidator.swift */ = {isa = PBXFileReference; fileEncoding = 4; lastKnownFileType = sourcecode.swift; name = RSUnifiedCodeValidator.swift; path = Source/RSUnifiedCodeValidator.swift; sourceTree = SOURCE_ROOT; };
/* End PBXFileReference section */

/* Begin PBXFrameworksBuildPhase section */
		D08336331A202E81004EE128 /* Frameworks */ = {
			isa = PBXFrameworksBuildPhase;
			buildActionMask = 2147483647;
			files = (
			);
			runOnlyForDeploymentPostprocessing = 0;
		};
/* End PBXFrameworksBuildPhase section */

/* Begin PBXGroup section */
		D083362D1A202E81004EE128 = {
			isa = PBXGroup;
			children = (
				D08336391A202E81004EE128 /* RSBarcodes */,
				D08336381A202E81004EE128 /* Products */,
			);
			sourceTree = "<group>";
		};
		D08336381A202E81004EE128 /* Products */ = {
			isa = PBXGroup;
			children = (
				D08336371A202E81004EE128 /* RSBarcodes.framework */,
			);
			name = Products;
			sourceTree = "<group>";
		};
		D08336391A202E81004EE128 /* RSBarcodes */ = {
			isa = PBXGroup;
			children = (
				566905431DE3F19100B7D6D2 /* RSBarcodes-Bridging-Header.h */,
				5669053F1DE3EE3B00B7D6D2 /* ContextMaker.h */,
				566905401DE3EE3B00B7D6D2 /* ContextMaker.m */,
				D08336BD1A209AAB004EE128 /* RSCodeGenerator.swift */,
				E71A74271C914B0C0081B389 /* RSUnifiedCodeValidator.swift */,
				D08336C61A209AAB004EE128 /* RSUnifiedCodeGenerator.swift */,
				D08336B91A209AAB004EE128 /* RSCode39Generator.swift */,
				D08336BA1A209AAB004EE128 /* RSCode39Mod43Generator.swift */,
				D08336C21A209AAB004EE128 /* RSExtendedCode39Generator.swift */,
				D08336BB1A209AAB004EE128 /* RSCode93Generator.swift */,
				D08336BC1A209AAB004EE128 /* RSCode128Generator.swift */,
				D0E879411BDE13D000D1A577 /* RSCodeDataMatrixGenerator.swift */,
				D08336C51A209AAB004EE128 /* RSITFGenerator.swift */,
				D08336C41A209AAB004EE128 /* RSITF14Generator.swift */,
				D08336C71A209AAB004EE128 /* RSUPCEGenerator.swift */,
				D08336C11A209AAB004EE128 /* RSEANGenerator.swift */,
				D08336BF1A209AAB004EE128 /* RSCodeReaderViewController.swift */,
				D08336BE1A209AAB004EE128 /* RSCodeLayer.swift */,
				D08336C01A209AAB004EE128 /* RSCornersLayer.swift */,
				D08336C31A209AAB004EE128 /* RSFocusMarkLayer.swift */,
				D08336C81A209AAB004EE128 /* StringExtension.swift */,
				D08336C91A209AAB004EE128 /* UIColorExtension.swift */,
				D083363A1A202E81004EE128 /* Supporting Files */,
			);
			path = RSBarcodes;
			sourceTree = "<group>";
		};
		D083363A1A202E81004EE128 /* Supporting Files */ = {
			isa = PBXGroup;
			children = (
				D08336B81A209AA0004EE128 /* Info.plist */,
			);
			name = "Supporting Files";
			sourceTree = "<group>";
		};
/* End PBXGroup section */

/* Begin PBXHeadersBuildPhase section */
		D08336341A202E81004EE128 /* Headers */ = {
			isa = PBXHeadersBuildPhase;
			buildActionMask = 2147483647;
			files = (
				566905411DE3EE3B00B7D6D2 /* ContextMaker.h in Headers */,
			);
			runOnlyForDeploymentPostprocessing = 0;
		};
/* End PBXHeadersBuildPhase section */

/* Begin PBXNativeTarget section */
		D08336361A202E81004EE128 /* RSBarcodes */ = {
			isa = PBXNativeTarget;
			buildConfigurationList = D083364D1A202E81004EE128 /* Build configuration list for PBXNativeTarget "RSBarcodes" */;
			buildPhases = (
				D08336321A202E81004EE128 /* Sources */,
				D08336331A202E81004EE128 /* Frameworks */,
				D08336341A202E81004EE128 /* Headers */,
			);
			buildRules = (
			);
			dependencies = (
			);
			name = RSBarcodes;
			productName = RSBarcodes;
			productReference = D08336371A202E81004EE128 /* RSBarcodes.framework */;
			productType = "com.apple.product-type.framework";
		};
/* End PBXNativeTarget section */

/* Begin PBXProject section */
		D083362E1A202E81004EE128 /* Project object */ = {
			isa = PBXProject;
			attributes = {
				LastSwiftMigration = 0700;
				LastSwiftUpdateCheck = 0700;
				LastUpgradeCheck = 0800;
				ORGANIZATIONNAME = P.D.Q.;
				TargetAttributes = {
					D08336361A202E81004EE128 = {
						CreatedOnToolsVersion = 6.1;
						LastSwiftMigration = 0810;
					};
				};
			};
			buildConfigurationList = D08336311A202E81004EE128 /* Build configuration list for PBXProject "RSBarcodes" */;
			compatibilityVersion = "Xcode 3.2";
			developmentRegion = English;
			hasScannedForEncodings = 0;
			knownRegions = (
				en,
			);
			mainGroup = D083362D1A202E81004EE128;
			productRefGroup = D08336381A202E81004EE128 /* Products */;
			projectDirPath = "";
			projectRoot = "";
			targets = (
				D08336361A202E81004EE128 /* RSBarcodes */,
			);
		};
/* End PBXProject section */

/* Begin PBXSourcesBuildPhase section */
		D08336321A202E81004EE128 /* Sources */ = {
			isa = PBXSourcesBuildPhase;
			buildActionMask = 2147483647;
			files = (
				D08336DA1A209AAB004EE128 /* UIColorExtension.swift in Sources */,
				D08336CA1A209AAB004EE128 /* RSCode39Generator.swift in Sources */,
				D0E879421BDE13D000D1A577 /* RSCodeDataMatrixGenerator.swift in Sources */,
				D08336D61A209AAB004EE128 /* RSITFGenerator.swift in Sources */,
				D08336D41A209AAB004EE128 /* RSFocusMarkLayer.swift in Sources */,
				D08336CE1A209AAB004EE128 /* RSCodeGenerator.swift in Sources */,
				D08336D91A209AAB004EE128 /* StringExtension.swift in Sources */,
				D08336D71A209AAB004EE128 /* RSUnifiedCodeGenerator.swift in Sources */,
				D08336CD1A209AAB004EE128 /* RSCode128Generator.swift in Sources */,
				E71A74281C914B0C0081B389 /* RSUnifiedCodeValidator.swift in Sources */,
				566905421DE3EE3B00B7D6D2 /* ContextMaker.m in Sources */,
				D08336CF1A209AAB004EE128 /* RSCodeLayer.swift in Sources */,
				D08336D51A209AAB004EE128 /* RSITF14Generator.swift in Sources */,
				D08336D01A209AAB004EE128 /* RSCodeReaderViewController.swift in Sources */,
				D08336D11A209AAB004EE128 /* RSCornersLayer.swift in Sources */,
				D08336D81A209AAB004EE128 /* RSUPCEGenerator.swift in Sources */,
				D08336D31A209AAB004EE128 /* RSExtendedCode39Generator.swift in Sources */,
				D08336D21A209AAB004EE128 /* RSEANGenerator.swift in Sources */,
				D08336CC1A209AAB004EE128 /* RSCode93Generator.swift in Sources */,
				D08336CB1A209AAB004EE128 /* RSCode39Mod43Generator.swift in Sources */,
			);
			runOnlyForDeploymentPostprocessing = 0;
		};
/* End PBXSourcesBuildPhase section */

/* Begin XCBuildConfiguration section */
		D083364B1A202E81004EE128 /* Debug */ = {
			isa = XCBuildConfiguration;
			buildSettings = {
				ALWAYS_SEARCH_USER_PATHS = NO;
				CLANG_CXX_LANGUAGE_STANDARD = "gnu++0x";
				CLANG_CXX_LIBRARY = "libc++";
				CLANG_ENABLE_MODULES = YES;
				CLANG_ENABLE_OBJC_ARC = YES;
				CLANG_WARN_BOOL_CONVERSION = YES;
				CLANG_WARN_CONSTANT_CONVERSION = YES;
				CLANG_WARN_DIRECT_OBJC_ISA_USAGE = YES_ERROR;
				CLANG_WARN_EMPTY_BODY = YES;
				CLANG_WARN_ENUM_CONVERSION = YES;
				CLANG_WARN_INFINITE_RECURSION = YES;
				CLANG_WARN_INT_CONVERSION = YES;
				CLANG_WARN_OBJC_ROOT_CLASS = YES_ERROR;
				CLANG_WARN_SUSPICIOUS_MOVE = YES;
				CLANG_WARN_UNREACHABLE_CODE = YES;
				CLANG_WARN__DUPLICATE_METHOD_MATCH = YES;
				"CODE_SIGN_IDENTITY[sdk=iphoneos*]" = "iPhone Developer";
				COPY_PHASE_STRIP = NO;
				CURRENT_PROJECT_VERSION = 1;
				ENABLE_STRICT_OBJC_MSGSEND = YES;
				ENABLE_TESTABILITY = YES;
				GCC_C_LANGUAGE_STANDARD = gnu99;
				GCC_DYNAMIC_NO_PIC = NO;
				GCC_NO_COMMON_BLOCKS = YES;
				GCC_OPTIMIZATION_LEVEL = 0;
				GCC_PREPROCESSOR_DEFINITIONS = (
					"DEBUG=1",
					"$(inherited)",
				);
				GCC_SYMBOLS_PRIVATE_EXTERN = NO;
				GCC_WARN_64_TO_32_BIT_CONVERSION = YES;
				GCC_WARN_ABOUT_RETURN_TYPE = YES_ERROR;
				GCC_WARN_UNDECLARED_SELECTOR = YES;
				GCC_WARN_UNINITIALIZED_AUTOS = YES_AGGRESSIVE;
				GCC_WARN_UNUSED_FUNCTION = YES;
				GCC_WARN_UNUSED_VARIABLE = YES;
				IPHONEOS_DEPLOYMENT_TARGET = 8.1;
				MTL_ENABLE_DEBUG_INFO = YES;
				ONLY_ACTIVE_ARCH = YES;
				SDKROOT = iphoneos;
				SWIFT_OBJC_BRIDGING_HEADER = "$(SRCROOT)/Source/RSBarcodes-Bridging-Header.h";
				SWIFT_OPTIMIZATION_LEVEL = "-Onone";
				TARGETED_DEVICE_FAMILY = "1,2";
				VERSIONING_SYSTEM = "apple-generic";
				VERSION_INFO_PREFIX = "";
			};
			name = Debug;
		};
		D083364C1A202E81004EE128 /* Release */ = {
			isa = XCBuildConfiguration;
			buildSettings = {
				ALWAYS_SEARCH_USER_PATHS = NO;
				CLANG_CXX_LANGUAGE_STANDARD = "gnu++0x";
				CLANG_CXX_LIBRARY = "libc++";
				CLANG_ENABLE_MODULES = YES;
				CLANG_ENABLE_OBJC_ARC = YES;
				CLANG_WARN_BOOL_CONVERSION = YES;
				CLANG_WARN_CONSTANT_CONVERSION = YES;
				CLANG_WARN_DIRECT_OBJC_ISA_USAGE = YES_ERROR;
				CLANG_WARN_EMPTY_BODY = YES;
				CLANG_WARN_ENUM_CONVERSION = YES;
				CLANG_WARN_INFINITE_RECURSION = YES;
				CLANG_WARN_INT_CONVERSION = YES;
				CLANG_WARN_OBJC_ROOT_CLASS = YES_ERROR;
				CLANG_WARN_SUSPICIOUS_MOVE = YES;
				CLANG_WARN_UNREACHABLE_CODE = YES;
				CLANG_WARN__DUPLICATE_METHOD_MATCH = YES;
				"CODE_SIGN_IDENTITY[sdk=iphoneos*]" = "iPhone Developer";
				COPY_PHASE_STRIP = YES;
				CURRENT_PROJECT_VERSION = 1;
				ENABLE_NS_ASSERTIONS = NO;
				ENABLE_STRICT_OBJC_MSGSEND = YES;
				GCC_C_LANGUAGE_STANDARD = gnu99;
				GCC_NO_COMMON_BLOCKS = YES;
				GCC_WARN_64_TO_32_BIT_CONVERSION = YES;
				GCC_WARN_ABOUT_RETURN_TYPE = YES_ERROR;
				GCC_WARN_UNDECLARED_SELECTOR = YES;
				GCC_WARN_UNINITIALIZED_AUTOS = YES_AGGRESSIVE;
				GCC_WARN_UNUSED_FUNCTION = YES;
				GCC_WARN_UNUSED_VARIABLE = YES;
				IPHONEOS_DEPLOYMENT_TARGET = 8.1;
				MTL_ENABLE_DEBUG_INFO = NO;
				SDKROOT = iphoneos;
				SWIFT_OBJC_BRIDGING_HEADER = "$(SRCROOT)/Source/RSBarcodes-Bridging-Header.h";
				SWIFT_OPTIMIZATION_LEVEL = "-Owholemodule";
				TARGETED_DEVICE_FAMILY = "1,2";
				VALIDATE_PRODUCT = YES;
				VERSIONING_SYSTEM = "apple-generic";
				VERSION_INFO_PREFIX = "";
			};
			name = Release;
		};
		D083364E1A202E81004EE128 /* Debug */ = {
			isa = XCBuildConfiguration;
			buildSettings = {
				CLANG_ENABLE_MODULES = YES;
				"CODE_SIGN_IDENTITY[sdk=iphoneos*]" = "";
				DEFINES_MODULE = YES;
				DYLIB_COMPATIBILITY_VERSION = 1;
				DYLIB_CURRENT_VERSION = 1;
				DYLIB_INSTALL_NAME_BASE = "@rpath";
				INFOPLIST_FILE = "$(SRCROOT)/Source/Info.plist";
				INSTALL_PATH = "$(LOCAL_LIBRARY_DIR)/Frameworks";
				LD_RUNPATH_SEARCH_PATHS = "$(inherited) @executable_path/Frameworks @loader_path/Frameworks";
				PRODUCT_BUNDLE_IDENTIFIER = "com.pdq.$(PRODUCT_NAME:rfc1034identifier)";
				PRODUCT_NAME = "$(TARGET_NAME)";
				SKIP_INSTALL = YES;
				SWIFT_OPTIMIZATION_LEVEL = "-Onone";
				SWIFT_VERSION = 3.0;
			};
			name = Debug;
		};
		D083364F1A202E81004EE128 /* Release */ = {
			isa = XCBuildConfiguration;
			buildSettings = {
				CLANG_ENABLE_MODULES = YES;
				"CODE_SIGN_IDENTITY[sdk=iphoneos*]" = "";
				DEFINES_MODULE = YES;
				DYLIB_COMPATIBILITY_VERSION = 1;
				DYLIB_CURRENT_VERSION = 1;
				DYLIB_INSTALL_NAME_BASE = "@rpath";
				INFOPLIST_FILE = "$(SRCROOT)/Source/Info.plist";
				INSTALL_PATH = "$(LOCAL_LIBRARY_DIR)/Frameworks";
				LD_RUNPATH_SEARCH_PATHS = "$(inherited) @executable_path/Frameworks @loader_path/Frameworks";
				PRODUCT_BUNDLE_IDENTIFIER = "com.pdq.$(PRODUCT_NAME:rfc1034identifier)";
				PRODUCT_NAME = "$(TARGET_NAME)";
				SKIP_INSTALL = YES;
				SWIFT_VERSION = 3.0;
			};
			name = Release;
		};
/* End XCBuildConfiguration section */

/* Begin XCConfigurationList section */
		D08336311A202E81004EE128 /* Build configuration list for PBXProject "RSBarcodes" */ = {
			isa = XCConfigurationList;
			buildConfigurations = (
				D083364B1A202E81004EE128 /* Debug */,
				D083364C1A202E81004EE128 /* Release */,
			);
			defaultConfigurationIsVisible = 0;
			defaultConfigurationName = Release;
		};
		D083364D1A202E81004EE128 /* Build configuration list for PBXNativeTarget "RSBarcodes" */ = {
			isa = XCConfigurationList;
			buildConfigurations = (
				D083364E1A202E81004EE128 /* Debug */,
				D083364F1A202E81004EE128 /* Release */,
			);
			defaultConfigurationIsVisible = 0;
			defaultConfigurationName = Release;
		};
/* End XCConfigurationList section */
	};
	rootObject = D083362E1A202E81004EE128 /* Project object */;
}
