// !$*UTF8*$!
{
	archiveVersion = 1;
	classes = {
	};
	objectVersion = 46;
	objects = {

/* Begin PBXBuildFile section */
		D073991419468EED003F0E14 /* AppDelegate.swift in Sources */ = {isa = PBXBuildFile; fileRef = D073991319468EED003F0E14 /* AppDelegate.swift */; };
		D073991619468EED003F0E14 /* BarcodeReaderViewController.swift in Sources */ = {isa = PBXBuildFile; fileRef = D073991519468EED003F0E14 /* BarcodeReaderViewController.swift */; };
		D073991919468EED003F0E14 /* Main.storyboard in Resources */ = {isa = PBXBuildFile; fileRef = D073991719468EED003F0E14 /* Main.storyboard */; };
		D073991B19468EED003F0E14 /* Images.xcassets in Resources */ = {isa = PBXBuildFile; fileRef = D073991A19468EED003F0E14 /* Images.xcassets */; };
		D073992719468EED003F0E14 /* RSBarcodesSampleTests.swift in Sources */ = {isa = PBXBuildFile; fileRef = D073992619468EED003F0E14 /* RSBarcodesSampleTests.swift */; };
		D08336B61A208FC6004EE128 /* RSBarcodes.framework in CopyFiles */ = {isa = PBXBuildFile; fileRef = D08336B21A208FA7004EE128 /* RSBarcodes.framework */; settings = {ATTRIBUTES = (CodeSignOnCopy, RemoveHeadersOnCopy, ); }; };
		D0B951891A6A92B900E70B44 /* BarcodeDisplayViewController.swift in Sources */ = {isa = PBXBuildFile; fileRef = D0B951881A6A92B900E70B44 /* BarcodeDisplayViewController.swift */; };
		D0E8793C1BDE0A5B00D1A577 /* Launch Screen.storyboard in Resources */ = {isa = PBXBuildFile; fileRef = D0E8793B1BDE0A5B00D1A577 /* Launch Screen.storyboard */; };
/* End PBXBuildFile section */

/* Begin PBXContainerItemProxy section */
		D017AFBF19495F2000F332B3 /* PBXContainerItemProxy */ = {
			isa = PBXContainerItemProxy;
			containerPortal = D073990619468EED003F0E14 /* Project object */;
			proxyType = 1;
			remoteGlobalIDString = D073990D19468EED003F0E14;
			remoteInfo = RSBarcodesSample;
		};
		D04F2A90194B3CA600CD90E9 /* PBXContainerItemProxy */ = {
			isa = PBXContainerItemProxy;
			containerPortal = D073990619468EED003F0E14 /* Project object */;
			proxyType = 1;
			remoteGlobalIDString = D073990D19468EED003F0E14;
			remoteInfo = RSBarcodesSample;
		};
		D04F2A92194B3CA600CD90E9 /* PBXContainerItemProxy */ = {
			isa = PBXContainerItemProxy;
			containerPortal = D073990619468EED003F0E14 /* Project object */;
			proxyType = 1;
			remoteGlobalIDString = D073990D19468EED003F0E14;
			remoteInfo = RSBarcodesSample;
		};
		D073992119468EED003F0E14 /* PBXContainerItemProxy */ = {
			isa = PBXContainerItemProxy;
			containerPortal = D073990619468EED003F0E14 /* Project object */;
			proxyType = 1;
			remoteGlobalIDString = D073990D19468EED003F0E14;
			remoteInfo = RSBarcodesSample;
		};
		D08336B11A208FA7004EE128 /* PBXContainerItemProxy */ = {
			isa = PBXContainerItemProxy;
			containerPortal = D08336AD1A208FA7004EE128 /* RSBarcodes.xcodeproj */;
			proxyType = 2;
			remoteGlobalIDString = D08336371A202E81004EE128;
			remoteInfo = RSBarcodes;
		};
		D08336B31A208FB7004EE128 /* PBXContainerItemProxy */ = {
			isa = PBXContainerItemProxy;
			containerPortal = D08336AD1A208FA7004EE128 /* RSBarcodes.xcodeproj */;
			proxyType = 1;
			remoteGlobalIDString = D08336361A202E81004EE128;
			remoteInfo = RSBarcodes;
		};
/* End PBXContainerItemProxy section */

/* Begin PBXCopyFilesBuildPhase section */
		D08336B51A208FBC004EE128 /* CopyFiles */ = {
			isa = PBXCopyFilesBuildPhase;
			buildActionMask = 2147483647;
			dstPath = "";
			dstSubfolderSpec = 10;
			files = (
				D08336B61A208FC6004EE128 /* RSBarcodes.framework in CopyFiles */,
			);
			runOnlyForDeploymentPostprocessing = 0;
		};
/* End PBXCopyFilesBuildPhase section */

/* Begin PBXFileReference section */
		D073990E19468EED003F0E14 /* RSBarcodesSample.app */ = {isa = PBXFileReference; explicitFileType = wrapper.application; includeInIndex = 0; path = RSBarcodesSample.app; sourceTree = BUILT_PRODUCTS_DIR; };
		D073991219468EED003F0E14 /* Info.plist */ = {isa = PBXFileReference; lastKnownFileType = text.plist.xml; path = Info.plist; sourceTree = "<group>"; };
		D073991319468EED003F0E14 /* AppDelegate.swift */ = {isa = PBXFileReference; lastKnownFileType = sourcecode.swift; path = AppDelegate.swift; sourceTree = "<group>"; };
		D073991519468EED003F0E14 /* BarcodeReaderViewController.swift */ = {isa = PBXFileReference; lastKnownFileType = sourcecode.swift; path = BarcodeReaderViewController.swift; sourceTree = "<group>"; };
		D073991819468EED003F0E14 /* Base */ = {isa = PBXFileReference; lastKnownFileType = file.storyboard; name = Base; path = Base.lproj/Main.storyboard; sourceTree = "<group>"; };
		D073991A19468EED003F0E14 /* Images.xcassets */ = {isa = PBXFileReference; lastKnownFileType = folder.assetcatalog; path = Images.xcassets; sourceTree = "<group>"; };
		D073992019468EED003F0E14 /* RSBarcodesSampleTests.xctest */ = {isa = PBXFileReference; explicitFileType = wrapper.cfbundle; includeInIndex = 0; path = RSBarcodesSampleTests.xctest; sourceTree = BUILT_PRODUCTS_DIR; };
		D073992519468EED003F0E14 /* Info.plist */ = {isa = PBXFileReference; lastKnownFileType = text.plist.xml; path = Info.plist; sourceTree = "<group>"; };
		D073992619468EED003F0E14 /* RSBarcodesSampleTests.swift */ = {isa = PBXFileReference; lastKnownFileType = sourcecode.swift; path = RSBarcodesSampleTests.swift; sourceTree = "<group>"; };
		D08336AD1A208FA7004EE128 /* RSBarcodes.xcodeproj */ = {isa = PBXFileReference; lastKnownFileType = "wrapper.pb-project"; name = RSBarcodes.xcodeproj; path = ../../RSBarcodes.xcodeproj; sourceTree = "<group>"; };
		D0B951881A6A92B900E70B44 /* BarcodeDisplayViewController.swift */ = {isa = PBXFileReference; fileEncoding = 4; lastKnownFileType = sourcecode.swift; path = BarcodeDisplayViewController.swift; sourceTree = "<group>"; };
		D0E8793B1BDE0A5B00D1A577 /* Launch Screen.storyboard */ = {isa = PBXFileReference; fileEncoding = 4; lastKnownFileType = file.storyboard; path = "Launch Screen.storyboard"; sourceTree = "<group>"; };
/* End PBXFileReference section */

/* Begin PBXFrameworksBuildPhase section */
		D073990B19468EED003F0E14 /* Frameworks */ = {
			isa = PBXFrameworksBuildPhase;
			buildActionMask = 2147483647;
			files = (
			);
			runOnlyForDeploymentPostprocessing = 0;
		};
		D073991D19468EED003F0E14 /* Frameworks */ = {
			isa = PBXFrameworksBuildPhase;
			buildActionMask = 2147483647;
			files = (
			);
			runOnlyForDeploymentPostprocessing = 0;
		};
/* End PBXFrameworksBuildPhase section */

/* Begin PBXGroup section */
		D073990519468EED003F0E14 = {
			isa = PBXGroup;
			children = (
				D073991019468EED003F0E14 /* RSBarcodesSample */,
				D073992319468EED003F0E14 /* RSBarcodesSampleTests */,
				D073990F19468EED003F0E14 /* Products */,
			);
			sourceTree = "<group>";
		};
		D073990F19468EED003F0E14 /* Products */ = {
			isa = PBXGroup;
			children = (
				D073990E19468EED003F0E14 /* RSBarcodesSample.app */,
				D073992019468EED003F0E14 /* RSBarcodesSampleTests.xctest */,
			);
			name = Products;
			sourceTree = "<group>";
		};
		D073991019468EED003F0E14 /* RSBarcodesSample */ = {
			isa = PBXGroup;
			children = (
				D073991319468EED003F0E14 /* AppDelegate.swift */,
				D073991519468EED003F0E14 /* BarcodeReaderViewController.swift */,
				D0B951881A6A92B900E70B44 /* BarcodeDisplayViewController.swift */,
				D073991719468EED003F0E14 /* Main.storyboard */,
				D0E8793B1BDE0A5B00D1A577 /* Launch Screen.storyboard */,
				D073991A19468EED003F0E14 /* Images.xcassets */,
				D073991119468EED003F0E14 /* Supporting Files */,
			);
			path = RSBarcodesSample;
			sourceTree = "<group>";
		};
		D073991119468EED003F0E14 /* Supporting Files */ = {
			isa = PBXGroup;
			children = (
				D08336AD1A208FA7004EE128 /* RSBarcodes.xcodeproj */,
				D073991219468EED003F0E14 /* Info.plist */,
			);
			name = "Supporting Files";
			sourceTree = "<group>";
		};
		D073992319468EED003F0E14 /* RSBarcodesSampleTests */ = {
			isa = PBXGroup;
			children = (
				D073992619468EED003F0E14 /* RSBarcodesSampleTests.swift */,
				D073992419468EED003F0E14 /* Supporting Files */,
			);
			path = RSBarcodesSampleTests;
			sourceTree = "<group>";
		};
		D073992419468EED003F0E14 /* Supporting Files */ = {
			isa = PBXGroup;
			children = (
				D073992519468EED003F0E14 /* Info.plist */,
			);
			name = "Supporting Files";
			sourceTree = "<group>";
		};
		D08336AE1A208FA7004EE128 /* Products */ = {
			isa = PBXGroup;
			children = (
				D08336B21A208FA7004EE128 /* RSBarcodes.framework */,
			);
			name = Products;
			sourceTree = "<group>";
		};
/* End PBXGroup section */

/* Begin PBXNativeTarget section */
		D073990D19468EED003F0E14 /* RSBarcodesSample */ = {
			isa = PBXNativeTarget;
			buildConfigurationList = D073992A19468EED003F0E14 /* Build configuration list for PBXNativeTarget "RSBarcodesSample" */;
			buildPhases = (
				D073990A19468EED003F0E14 /* Sources */,
				D073990B19468EED003F0E14 /* Frameworks */,
				D073990C19468EED003F0E14 /* Resources */,
				D08336B51A208FBC004EE128 /* CopyFiles */,
			);
			buildRules = (
			);
			dependencies = (
				D08336B41A208FB7004EE128 /* PBXTargetDependency */,
			);
			name = RSBarcodesSample;
			productName = RSBarcodesSample;
			productReference = D073990E19468EED003F0E14 /* RSBarcodesSample.app */;
			productType = "com.apple.product-type.application";
		};
		D073991F19468EED003F0E14 /* RSBarcodesSampleTests */ = {
			isa = PBXNativeTarget;
			buildConfigurationList = D073992D19468EED003F0E14 /* Build configuration list for PBXNativeTarget "RSBarcodesSampleTests" */;
			buildPhases = (
				D073991C19468EED003F0E14 /* Sources */,
				D073991D19468EED003F0E14 /* Frameworks */,
				D073991E19468EED003F0E14 /* Resources */,
			);
			buildRules = (
			);
			dependencies = (
				D073992219468EED003F0E14 /* PBXTargetDependency */,
				D017AFC019495F2000F332B3 /* PBXTargetDependency */,
				D04F2A91194B3CA600CD90E9 /* PBXTargetDependency */,
				D04F2A93194B3CA600CD90E9 /* PBXTargetDependency */,
			);
			name = RSBarcodesSampleTests;
			productName = RSBarcodesSampleTests;
			productReference = D073992019468EED003F0E14 /* RSBarcodesSampleTests.xctest */;
			productType = "com.apple.product-type.bundle.unit-test";
		};
/* End PBXNativeTarget section */

/* Begin PBXProject section */
		D073990619468EED003F0E14 /* Project object */ = {
			isa = PBXProject;
			attributes = {
				LastSwiftMigration = 0700;
				LastSwiftUpdateCheck = 0700;
				LastUpgradeCheck = 1020;
				ORGANIZATIONNAME = P.D.Q.;
				TargetAttributes = {
					D073990D19468EED003F0E14 = {
						CreatedOnToolsVersion = 6.0;
						DevelopmentTeam = M2KC4T7WDH;
						LastSwiftMigration = 1020;
					};
					D073991F19468EED003F0E14 = {
						CreatedOnToolsVersion = 6.0;
						LastSwiftMigration = 1020;
						TestTargetID = D073990D19468EED003F0E14;
					};
				};
			};
			buildConfigurationList = D073990919468EED003F0E14 /* Build configuration list for PBXProject "RSBarcodesSample" */;
			compatibilityVersion = "Xcode 3.2";
			developmentRegion = en;
			hasScannedForEncodings = 0;
			knownRegions = (
				en,
				Base,
			);
			mainGroup = D073990519468EED003F0E14;
			productRefGroup = D073990F19468EED003F0E14 /* Products */;
			projectDirPath = "";
			projectReferences = (
				{
					ProductGroup = D08336AE1A208FA7004EE128 /* Products */;
					ProjectRef = D08336AD1A208FA7004EE128 /* RSBarcodes.xcodeproj */;
				},
			);
			projectRoot = "";
			targets = (
				D073990D19468EED003F0E14 /* RSBarcodesSample */,
				D073991F19468EED003F0E14 /* RSBarcodesSampleTests */,
			);
		};
/* End PBXProject section */

/* Begin PBXReferenceProxy section */
		D08336B21A208FA7004EE128 /* RSBarcodes.framework */ = {
			isa = PBXReferenceProxy;
			fileType = wrapper.framework;
			path = RSBarcodes.framework;
			remoteRef = D08336B11A208FA7004EE128 /* PBXContainerItemProxy */;
			sourceTree = BUILT_PRODUCTS_DIR;
		};
/* End PBXReferenceProxy section */

/* Begin PBXResourcesBuildPhase section */
		D073990C19468EED003F0E14 /* Resources */ = {
			isa = PBXResourcesBuildPhase;
			buildActionMask = 2147483647;
			files = (
				D0E8793C1BDE0A5B00D1A577 /* Launch Screen.storyboard in Resources */,
				D073991919468EED003F0E14 /* Main.storyboard in Resources */,
				D073991B19468EED003F0E14 /* Images.xcassets in Resources */,
			);
			runOnlyForDeploymentPostprocessing = 0;
		};
		D073991E19468EED003F0E14 /* Resources */ = {
			isa = PBXResourcesBuildPhase;
			buildActionMask = 2147483647;
			files = (
			);
			runOnlyForDeploymentPostprocessing = 0;
		};
/* End PBXResourcesBuildPhase section */

/* Begin PBXSourcesBuildPhase section */
		D073990A19468EED003F0E14 /* Sources */ = {
			isa = PBXSourcesBuildPhase;
			buildActionMask = 2147483647;
			files = (
				D0B951891A6A92B900E70B44 /* BarcodeDisplayViewController.swift in Sources */,
				D073991619468EED003F0E14 /* BarcodeReaderViewController.swift in Sources */,
				D073991419468EED003F0E14 /* AppDelegate.swift in Sources */,
			);
			runOnlyForDeploymentPostprocessing = 0;
		};
		D073991C19468EED003F0E14 /* Sources */ = {
			isa = PBXSourcesBuildPhase;
			buildActionMask = 2147483647;
			files = (
				D073992719468EED003F0E14 /* RSBarcodesSampleTests.swift in Sources */,
			);
			runOnlyForDeploymentPostprocessing = 0;
		};
/* End PBXSourcesBuildPhase section */

/* Begin PBXTargetDependency section */
		D017AFC019495F2000F332B3 /* PBXTargetDependency */ = {
			isa = PBXTargetDependency;
			target = D073990D19468EED003F0E14 /* RSBarcodesSample */;
			targetProxy = D017AFBF19495F2000F332B3 /* PBXContainerItemProxy */;
		};
		D04F2A91194B3CA600CD90E9 /* PBXTargetDependency */ = {
			isa = PBXTargetDependency;
			target = D073990D19468EED003F0E14 /* RSBarcodesSample */;
			targetProxy = D04F2A90194B3CA600CD90E9 /* PBXContainerItemProxy */;
		};
		D04F2A93194B3CA600CD90E9 /* PBXTargetDependency */ = {
			isa = PBXTargetDependency;
			target = D073990D19468EED003F0E14 /* RSBarcodesSample */;
			targetProxy = D04F2A92194B3CA600CD90E9 /* PBXContainerItemProxy */;
		};
		D073992219468EED003F0E14 /* PBXTargetDependency */ = {
			isa = PBXTargetDependency;
			target = D073990D19468EED003F0E14 /* RSBarcodesSample */;
			targetProxy = D073992119468EED003F0E14 /* PBXContainerItemProxy */;
		};
		D08336B41A208FB7004EE128 /* PBXTargetDependency */ = {
			isa = PBXTargetDependency;
			name = RSBarcodes;
			targetProxy = D08336B31A208FB7004EE128 /* PBXContainerItemProxy */;
		};
/* End PBXTargetDependency section */

/* Begin PBXVariantGroup section */
		D073991719468EED003F0E14 /* Main.storyboard */ = {
			isa = PBXVariantGroup;
			children = (
				D073991819468EED003F0E14 /* Base */,
			);
			name = Main.storyboard;
			sourceTree = "<group>";
		};
/* End PBXVariantGroup section */

/* Begin XCBuildConfiguration section */
		D073992819468EED003F0E14 /* Debug */ = {
			isa = XCBuildConfiguration;
			buildSettings = {
				ALWAYS_SEARCH_USER_PATHS = NO;
				CLANG_ANALYZER_LOCALIZABILITY_NONLOCALIZED = YES;
				CLANG_CXX_LANGUAGE_STANDARD = "gnu++0x";
				CLANG_CXX_LIBRARY = "libc++";
				CLANG_ENABLE_MODULES = YES;
				CLANG_ENABLE_OBJC_ARC = YES;
				CLANG_WARN_BLOCK_CAPTURE_AUTORELEASING = YES;
				CLANG_WARN_BOOL_CONVERSION = YES;
				CLANG_WARN_COMMA = YES;
				CLANG_WARN_CONSTANT_CONVERSION = YES;
				CLANG_WARN_DEPRECATED_OBJC_IMPLEMENTATIONS = YES;
				CLANG_WARN_DIRECT_OBJC_ISA_USAGE = YES_ERROR;
				CLANG_WARN_EMPTY_BODY = YES;
				CLANG_WARN_ENUM_CONVERSION = YES;
				CLANG_WARN_INFINITE_RECURSION = YES;
				CLANG_WARN_INT_CONVERSION = YES;
				CLANG_WARN_NON_LITERAL_NULL_CONVERSION = YES;
				CLANG_WARN_OBJC_IMPLICIT_RETAIN_SELF = YES;
				CLANG_WARN_OBJC_LITERAL_CONVERSION = YES;
				CLANG_WARN_OBJC_ROOT_CLASS = YES_ERROR;
				CLANG_WARN_RANGE_LOOP_ANALYSIS = YES;
				CLANG_WARN_STRICT_PROTOTYPES = YES;
				CLANG_WARN_SUSPICIOUS_MOVE = YES;
				CLANG_WARN_UNREACHABLE_CODE = YES;
				CLANG_WARN__DUPLICATE_METHOD_MATCH = YES;
				"CODE_SIGN_IDENTITY[sdk=iphoneos*]" = "iPhone Developer";
				COPY_PHASE_STRIP = NO;
				ENABLE_STRICT_OBJC_MSGSEND = YES;
				ENABLE_TESTABILITY = YES;
				GCC_C_LANGUAGE_STANDARD = gnu99;
				GCC_DYNAMIC_NO_PIC = NO;
				GCC_NO_COMMON_BLOCKS = YES;
				GCC_OPTIMIZATION_LEVEL = 0;
				GCC_PREPROCESSOR_DEFINITIONS = (
					"DEBUG=1",
					"$(inherited)",
				);
				GCC_SYMBOLS_PRIVATE_EXTERN = NO;
				GCC_WARN_64_TO_32_BIT_CONVERSION = YES;
				GCC_WARN_ABOUT_RETURN_TYPE = YES_ERROR;
				GCC_WARN_UNDECLARED_SELECTOR = YES;
				GCC_WARN_UNINITIALIZED_AUTOS = YES_AGGRESSIVE;
				GCC_WARN_UNUSED_FUNCTION = YES;
				GCC_WARN_UNUSED_VARIABLE = YES;
				IPHONEOS_DEPLOYMENT_TARGET = 8.0;
				METAL_ENABLE_DEBUG_INFO = YES;
				ONLY_ACTIVE_ARCH = YES;
				SDKROOT = iphoneos;
				SWIFT_OPTIMIZATION_LEVEL = "-Onone";
			};
			name = Debug;
		};
		D073992919468EED003F0E14 /* Release */ = {
			isa = XCBuildConfiguration;
			buildSettings = {
				ALWAYS_SEARCH_USER_PATHS = NO;
				CLANG_ANALYZER_LOCALIZABILITY_NONLOCALIZED = YES;
				CLANG_CXX_LANGUAGE_STANDARD = "gnu++0x";
				CLANG_CXX_LIBRARY = "libc++";
				CLANG_ENABLE_MODULES = YES;
				CLANG_ENABLE_OBJC_ARC = YES;
				CLANG_WARN_BLOCK_CAPTURE_AUTORELEASING = YES;
				CLANG_WARN_BOOL_CONVERSION = YES;
				CLANG_WARN_COMMA = YES;
				CLANG_WARN_CONSTANT_CONVERSION = YES;
				CLANG_WARN_DEPRECATED_OBJC_IMPLEMENTATIONS = YES;
				CLANG_WARN_DIRECT_OBJC_ISA_USAGE = YES_ERROR;
				CLANG_WARN_EMPTY_BODY = YES;
				CLANG_WARN_ENUM_CONVERSION = YES;
				CLANG_WARN_INFINITE_RECURSION = YES;
				CLANG_WARN_INT_CONVERSION = YES;
				CLANG_WARN_NON_LITERAL_NULL_CONVERSION = YES;
				CLANG_WARN_OBJC_IMPLICIT_RETAIN_SELF = YES;
				CLANG_WARN_OBJC_LITERAL_CONVERSION = YES;
				CLANG_WARN_OBJC_ROOT_CLASS = YES_ERROR;
				CLANG_WARN_RANGE_LOOP_ANALYSIS = YES;
				CLANG_WARN_STRICT_PROTOTYPES = YES;
				CLANG_WARN_SUSPICIOUS_MOVE = YES;
				CLANG_WARN_UNREACHABLE_CODE = YES;
				CLANG_WARN__DUPLICATE_METHOD_MATCH = YES;
				"CODE_SIGN_IDENTITY[sdk=iphoneos*]" = "iPhone Developer";
				COPY_PHASE_STRIP = YES;
				ENABLE_NS_ASSERTIONS = NO;
				ENABLE_STRICT_OBJC_MSGSEND = YES;
				GCC_C_LANGUAGE_STANDARD = gnu99;
				GCC_NO_COMMON_BLOCKS = YES;
				GCC_WARN_64_TO_32_BIT_CONVERSION = YES;
				GCC_WARN_ABOUT_RETURN_TYPE = YES_ERROR;
				GCC_WARN_UNDECLARED_SELECTOR = YES;
				GCC_WARN_UNINITIALIZED_AUTOS = YES_AGGRESSIVE;
				GCC_WARN_UNUSED_FUNCTION = YES;
				GCC_WARN_UNUSED_VARIABLE = YES;
				IPHONEOS_DEPLOYMENT_TARGET = 8.0;
				METAL_ENABLE_DEBUG_INFO = NO;
				SDKROOT = iphoneos;
				SWIFT_OPTIMIZATION_LEVEL = "-Owholemodule";
				VALIDATE_PRODUCT = YES;
			};
			name = Release;
		};
		D073992B19468EED003F0E14 /* Debug */ = {
			isa = XCBuildConfiguration;
			buildSettings = {
				ASSETCATALOG_COMPILER_APPICON_NAME = AppIcon;
				ASSETCATALOG_COMPILER_LAUNCHIMAGE_NAME = LaunchImage;
				CODE_SIGN_IDENTITY = "iPhone Developer";
				"CODE_SIGN_IDENTITY[sdk=iphoneos*]" = "iPhone Developer";
				INFOPLIST_FILE = RSBarcodesSample/Info.plist;
				IPHONEOS_DEPLOYMENT_TARGET = 8.3;
				LD_RUNPATH_SEARCH_PATHS = "$(inherited) @executable_path/Frameworks";
				PRODUCT_BUNDLE_IDENTIFIER = "com.pdq.${PRODUCT_NAME:rfc1034identifier}";
				PRODUCT_NAME = "$(TARGET_NAME)";
				PROVISIONING_PROFILE = "";
				SWIFT_VERSION = 5.0;
				TARGETED_DEVICE_FAMILY = "1,2";
			};
			name = Debug;
		};
		D073992C19468EED003F0E14 /* Release */ = {
			isa = XCBuildConfiguration;
			buildSettings = {
				ASSETCATALOG_COMPILER_APPICON_NAME = AppIcon;
				ASSETCATALOG_COMPILER_LAUNCHIMAGE_NAME = LaunchImage;
				CODE_SIGN_IDENTITY = "iPhone Developer";
				"CODE_SIGN_IDENTITY[sdk=iphoneos*]" = "iPhone Developer";
				INFOPLIST_FILE = RSBarcodesSample/Info.plist;
				IPHONEOS_DEPLOYMENT_TARGET = 8.3;
				LD_RUNPATH_SEARCH_PATHS = "$(inherited) @executable_path/Frameworks";
				PRODUCT_BUNDLE_IDENTIFIER = "com.pdq.${PRODUCT_NAME:rfc1034identifier}";
				PRODUCT_NAME = "$(TARGET_NAME)";
				PROVISIONING_PROFILE = "";
				SWIFT_VERSION = 5.0;
				TARGETED_DEVICE_FAMILY = "1,2";
			};
			name = Release;
		};
		D073992E19468EED003F0E14 /* Debug */ = {
			isa = XCBuildConfiguration;
			buildSettings = {
				BUNDLE_LOADER = "$(BUILT_PRODUCTS_DIR)/RSBarcodesSample.app/RSBarcodesSample";
				FRAMEWORK_SEARCH_PATHS = "$(inherited)";
				GCC_PREPROCESSOR_DEFINITIONS = (
					"DEBUG=1",
					"$(inherited)",
				);
				INFOPLIST_FILE = RSBarcodesSampleTests/Info.plist;
				IPHONEOS_DEPLOYMENT_TARGET = 8.3;
				LD_RUNPATH_SEARCH_PATHS = "$(inherited) @executable_path/Frameworks @loader_path/Frameworks";
				METAL_ENABLE_DEBUG_INFO = YES;
				PRODUCT_BUNDLE_IDENTIFIER = "com.pdq.${PRODUCT_NAME:rfc1034identifier}";
				PRODUCT_NAME = "$(TARGET_NAME)";
				SWIFT_VERSION = 5.0;
				TEST_HOST = "$(BUNDLE_LOADER)";
			};
			name = Debug;
		};
		D073992F19468EED003F0E14 /* Release */ = {
			isa = XCBuildConfiguration;
			buildSettings = {
				BUNDLE_LOADER = "$(BUILT_PRODUCTS_DIR)/RSBarcodesSample.app/RSBarcodesSample";
				FRAMEWORK_SEARCH_PATHS = "$(inherited)";
				INFOPLIST_FILE = RSBarcodesSampleTests/Info.plist;
				IPHONEOS_DEPLOYMENT_TARGET = 8.3;
				LD_RUNPATH_SEARCH_PATHS = "$(inherited) @executable_path/Frameworks @loader_path/Frameworks";
				METAL_ENABLE_DEBUG_INFO = NO;
				PRODUCT_BUNDLE_IDENTIFIER = "com.pdq.${PRODUCT_NAME:rfc1034identifier}";
				PRODUCT_NAME = "$(TARGET_NAME)";
				SWIFT_VERSION = 5.0;
				TEST_HOST = "$(BUNDLE_LOADER)";
			};
			name = Release;
		};
/* End XCBuildConfiguration section */

/* Begin XCConfigurationList section */
		D073990919468EED003F0E14 /* Build configuration list for PBXProject "RSBarcodesSample" */ = {
			isa = XCConfigurationList;
			buildConfigurations = (
				D073992819468EED003F0E14 /* Debug */,
				D073992919468EED003F0E14 /* Release */,
			);
			defaultConfigurationIsVisible = 0;
			defaultConfigurationName = Release;
		};
		D073992A19468EED003F0E14 /* Build configuration list for PBXNativeTarget "RSBarcodesSample" */ = {
			isa = XCConfigurationList;
			buildConfigurations = (
				D073992B19468EED003F0E14 /* Debug */,
				D073992C19468EED003F0E14 /* Release */,
			);
			defaultConfigurationIsVisible = 0;
			defaultConfigurationName = Release;
		};
		D073992D19468EED003F0E14 /* Build configuration list for PBXNativeTarget "RSBarcodesSampleTests" */ = {
			isa = XCConfigurationList;
			buildConfigurations = (
				D073992E19468EED003F0E14 /* Debug */,
				D073992F19468EED003F0E14 /* Release */,
			);
			defaultConfigurationIsVisible = 0;
			defaultConfigurationName = Release;
		};
/* End XCConfigurationList section */
	};
	rootObject = D073990619468EED003F0E14 /* Project object */;
}
